
Microsoft Visual Studio Solution File, Format Version 12.00
# Visual Studio 15
Project("{FAE04EC0-301F-11D3-BF4B-00C04F79EFBC}") = "Shop", "Shop\Shop.csproj", "{94B0FABD-C617-4535-800B-5437F167523D}"
EndProject
Global
	GlobalSection(SolutionConfigurationPlatforms) = preSolution
		Debug|Any CPU = Debug|Any CPU
		Release|Any CPU = Release|Any CPU
	EndGlobalSection
	GlobalSection(ProjectConfigurationPlatforms) = postSolution
		{94B0FABD-C617-4535-800B-5437F167523D}.Debug|Any CPU.ActiveCfg = Debug|Any CPU
		{94B0FABD-C617-4535-800B-5437F167523D}.Debug|Any CPU.Build.0 = Debug|Any CPU
		{94B0FABD-C617-4535-800B-5437F167523D}.Release|Any CPU.ActiveCfg = Release|Any CPU
		{94B0FABD-C617-4535-800B-5437F167523D}.Release|Any CPU.Build.0 = Release|Any CPU
	EndGlobalSection
EndGlobal
